
Microsoft Visual Studio Solution File, Format Version 12.00
# Visual Studio Version 16
VisualStudioVersion = 16.0.30204.135
MinimumVisualStudioVersion = 10.0.40219.1
Project("{9A19103F-16F7-4668-BE54-9A1E7A4F7556}") = "AdsPortal", "Presentation\AdsPortal\AdsPortal.csproj", "{96996A9F-963A-46FB-920F-2F643B41D365}"
EndProject
Project("{2150E333-8FDC-42A3-9474-1A3956D46DE8}") = "Configuration", "Configuration", "{540BD2D3-CF8E-4304-8E15-0DCFA13EF481}"
	ProjectSection(SolutionItems) = preProject
		..\.gitignore = ..\.gitignore
		global.json = global.json
	EndProjectSection
EndProject
Project("{2150E333-8FDC-42A3-9474-1A3956D46DE8}") = "Src", "Src", "{703DCB52-753A-40DF-AF2E-C9F3D3F75827}"
EndProject
Project("{2150E333-8FDC-42A3-9474-1A3956D46DE8}") = "Docs", "Docs", "{8FFB2801-8160-46A5-B565-9CCDA59081EC}"
	ProjectSection(SolutionItems) = preProject
		README.md = README.md
	EndProjectSection
EndProject
Project("{2150E333-8FDC-42A3-9474-1A3956D46DE8}") = "Common", "Common", "{C29F69F3-095B-4AF4-A19F-62046A030E20}"
EndProject
Project("{2150E333-8FDC-42A3-9474-1A3956D46DE8}") = "Core", "Core", "{575BA17C-71D5-4309-B5FD-7C8ABEEA91D1}"
EndProject
Project("{2150E333-8FDC-42A3-9474-1A3956D46DE8}") = "Application", "Application", "{D8F75C4B-F56B-4BC9-AF0A-9E5380F126E1}"
EndProject
Project("{2150E333-8FDC-42A3-9474-1A3956D46DE8}") = "Domain", "Domain", "{B9ACF877-48F4-47B2-A171-D59755912297}"
EndProject
Project("{2150E333-8FDC-42A3-9474-1A3956D46DE8}") = "Infrastructure", "Infrastructure", "{95EB6413-8C07-425E-8DFF-922DC63F1CF8}"
EndProject
Project("{2150E333-8FDC-42A3-9474-1A3956D46DE8}") = "Presentation", "Presentation", "{1C379C99-E87E-4BBD-801D-F85BAB103BDE}"
EndProject
Project("{9A19103F-16F7-4668-BE54-9A1E7A4F7556}") = "AdsPortal.Common", "Common\AdsPortal.Common\AdsPortal.Common.csproj", "{57B46349-3B80-454C-90DF-F0F458A3E71A}"
EndProject
Project("{9A19103F-16F7-4668-BE54-9A1E7A4F7556}") = "AdsPortal.Application", "Core\AdsPortal.Application\AdsPortal.Application.csproj", "{A0BC01EF-333C-4CA2-803A-75DA74CB85DF}"
EndProject
Project("{9A19103F-16F7-4668-BE54-9A1E7A4F7556}") = "AdsPortal.Domain", "Core\AdsPortal.Domain\AdsPortal.Domain.csproj", "{D94F06D4-9706-419B-B6C7-95A5025535B1}"
EndProject
Project("{9A19103F-16F7-4668-BE54-9A1E7A4F7556}") = "AdsPortal.Domain.Abstractions", "Core\AdsPortal.Domain.Abstractions\AdsPortal.Domain.Abstractions.csproj", "{B188AC9D-5475-4C8A-80DC-D951CF505FA2}"
EndProject
Project("{2150E333-8FDC-42A3-9474-1A3956D46DE8}") = "CrossCutting", "CrossCutting", "{E1B9EDB0-66F1-422D-82D3-5F3699481BEA}"
EndProject
Project("{2150E333-8FDC-42A3-9474-1A3956D46DE8}") = "Persistence", "Persistence", "{4B34B6BB-8670-48B2-A75D-3620D1246E5D}"
EndProject
Project("{2150E333-8FDC-42A3-9474-1A3956D46DE8}") = "IntegrationServices", "IntegrationServices", "{F849C5B4-E1BE-4A8E-B16A-C1E83FC8A3F2}"
EndProject
Project("{9A19103F-16F7-4668-BE54-9A1E7A4F7556}") = "AdsPortal.Persistence", "Core\AdsPortal.Persistence\AdsPortal.Persistence.csproj", "{1DCBAF4C-33D7-404B-BAB5-425CA6D08DBA}"
EndProject
Project("{9A19103F-16F7-4668-BE54-9A1E7A4F7556}") = "AdsPortal.Infrastructure.Common", "Core\AdsPortal.Infrastructure.Common\AdsPortal.Infrastructure.Common.csproj", "{7162551C-227C-4372-B935-53308153136A}"
EndProject
Project("{9A19103F-16F7-4668-BE54-9A1E7A4F7556}") = "AdsPortal.Infrastructure", "Core\AdsPortal.Infrastructure\AdsPortal.Infrastructure.csproj", "{93AA3FFB-C6C8-428F-A623-651010D8DB46}"
EndProject
Project("{9A19103F-16F7-4668-BE54-9A1E7A4F7556}") = "AdsPortal.Infrastructure.Logging", "Core\AdsPortal.Infrastructure.Logging\AdsPortal.Infrastructure.Logging.csproj", "{926A8F36-3A29-44B3-B2C3-6E46E25757E0}"
EndProject
Project("{9A19103F-16F7-4668-BE54-9A1E7A4F7556}") = "AdsPortal.WebAPI", "Presentation\AdsPortal.WebAPI\AdsPortal.WebAPI.csproj", "{BF9C89C9-06EF-414F-990D-984470CECA27}"
EndProject
Project("{9A19103F-16F7-4668-BE54-9A1E7A4F7556}") = "AdsPortal.Analytics", "Presentation\AdsPortal.Analytics\AdsPortal.Analytics.csproj", "{F345E0BA-FC56-4153-B1E5-2F77A9F7C2D7}"
EndProject
Project("{9A19103F-16F7-4668-BE54-9A1E7A4F7556}") = "AdsPortal.Infrastructure.Identity", "Core\AdsPortal.Infrastructure.Identity\AdsPortal.Infrastructure.Identity.csproj", "{1424B863-8F20-41B3-A96C-A9D1C23F7613}"
EndProject
Project("{9A19103F-16F7-4668-BE54-9A1E7A4F7556}") = "AdsPortal.Infrastructure.Media", "Core\AdsPortal.Infrastructure.Media\AdsPortal.Infrastructure.Media.csproj", "{209FA8C6-D813-4711-ABE4-99CAEDB59551}"
EndProject
Project("{2150E333-8FDC-42A3-9474-1A3956D46DE8}") = "Foundation", "Foundation", "{D9195259-9BD6-476C-8C80-D3F63EF49844}"
EndProject
Project("{2150E333-8FDC-42A3-9474-1A3956D46DE8}") = "Features", "Features", "{9F695D57-7297-451C-BB50-DA3060E59D2D}"
EndProject
Project("{9A19103F-16F7-4668-BE54-9A1E7A4F7556}") = "AdsPortal.ManagementUI", "Presentation\AdsPortal.ManagementUI\AdsPortal.ManagementUI.csproj", "{C3F6F6F9-064F-4A51-97BA-FB5603373E32}"
EndProject
Project("{9A19103F-16F7-4668-BE54-9A1E7A4F7556}") = "AdsPortal.CLI", "Presentation\AdsPortal.CLI\AdsPortal.CLI.csproj", "{91E8CC87-30D5-43A0-8B08-BF8E8C44A9E1}"
EndProject
Project("{9A19103F-16F7-4668-BE54-9A1E7A4F7556}") = "AdsPortal.Infrastructure.JobScheduler", "Core\AdsPortal.Infrastructure.JobScheduler\AdsPortal.Infrastructure.JobScheduler.csproj", "{E8027900-5F4D-4BFF-8439-1AD92123E9EC}"
EndProject
Project("{2150E333-8FDC-42A3-9474-1A3956D46DE8}") = "Libraries", "Libraries", "{94B58D2A-0937-4DA0-872C-A09D8AA83CE8}"
EndProject
Project("{9A19103F-16F7-4668-BE54-9A1E7A4F7556}") = "VxFormGenerator.Core", "Libraries\VxFormGenerator.Core\VxFormGenerator.Core.csproj", "{52EDBE6F-2EE1-4DCD-9849-C5187C2D11E5}"
EndProject
Project("{9A19103F-16F7-4668-BE54-9A1E7A4F7556}") = "VxFormGenerator.Components.Plain", "Libraries\VxFormGenerator.Components.Plain\VxFormGenerator.Components.Plain.csproj", "{D704B6FD-D8AE-4838-AEB1-4538155D502A}"
EndProject
Global
	GlobalSection(SolutionConfigurationPlatforms) = preSolution
		Debug|Any CPU = Debug|Any CPU
		Debug|x64 = Debug|x64
		Release|Any CPU = Release|Any CPU
		Release|x64 = Release|x64
	EndGlobalSection
	GlobalSection(ProjectConfigurationPlatforms) = postSolution
		{96996A9F-963A-46FB-920F-2F643B41D365}.Debug|Any CPU.ActiveCfg = Debug|Any CPU
		{96996A9F-963A-46FB-920F-2F643B41D365}.Debug|Any CPU.Build.0 = Debug|Any CPU
		{96996A9F-963A-46FB-920F-2F643B41D365}.Debug|x64.ActiveCfg = Debug|x64
		{96996A9F-963A-46FB-920F-2F643B41D365}.Debug|x64.Build.0 = Debug|x64
		{96996A9F-963A-46FB-920F-2F643B41D365}.Release|Any CPU.ActiveCfg = Release|Any CPU
		{96996A9F-963A-46FB-920F-2F643B41D365}.Release|Any CPU.Build.0 = Release|Any CPU
		{96996A9F-963A-46FB-920F-2F643B41D365}.Release|x64.ActiveCfg = Release|x64
		{96996A9F-963A-46FB-920F-2F643B41D365}.Release|x64.Build.0 = Release|x64
		{57B46349-3B80-454C-90DF-F0F458A3E71A}.Debug|Any CPU.ActiveCfg = Debug|Any CPU
		{57B46349-3B80-454C-90DF-F0F458A3E71A}.Debug|Any CPU.Build.0 = Debug|Any CPU
		{57B46349-3B80-454C-90DF-F0F458A3E71A}.Debug|x64.ActiveCfg = Debug|x64
		{57B46349-3B80-454C-90DF-F0F458A3E71A}.Debug|x64.Build.0 = Debug|x64
		{57B46349-3B80-454C-90DF-F0F458A3E71A}.Release|Any CPU.ActiveCfg = Release|Any CPU
		{57B46349-3B80-454C-90DF-F0F458A3E71A}.Release|Any CPU.Build.0 = Release|Any CPU
		{57B46349-3B80-454C-90DF-F0F458A3E71A}.Release|x64.ActiveCfg = Release|x64
		{57B46349-3B80-454C-90DF-F0F458A3E71A}.Release|x64.Build.0 = Release|x64
		{A0BC01EF-333C-4CA2-803A-75DA74CB85DF}.Debug|Any CPU.ActiveCfg = Debug|Any CPU
		{A0BC01EF-333C-4CA2-803A-75DA74CB85DF}.Debug|Any CPU.Build.0 = Debug|Any CPU
		{A0BC01EF-333C-4CA2-803A-75DA74CB85DF}.Debug|x64.ActiveCfg = Debug|x64
		{A0BC01EF-333C-4CA2-803A-75DA74CB85DF}.Debug|x64.Build.0 = Debug|x64
		{A0BC01EF-333C-4CA2-803A-75DA74CB85DF}.Release|Any CPU.ActiveCfg = Release|Any CPU
		{A0BC01EF-333C-4CA2-803A-75DA74CB85DF}.Release|Any CPU.Build.0 = Release|Any CPU
		{A0BC01EF-333C-4CA2-803A-75DA74CB85DF}.Release|x64.ActiveCfg = Release|x64
		{A0BC01EF-333C-4CA2-803A-75DA74CB85DF}.Release|x64.Build.0 = Release|x64
		{D94F06D4-9706-419B-B6C7-95A5025535B1}.Debug|Any CPU.ActiveCfg = Debug|Any CPU
		{D94F06D4-9706-419B-B6C7-95A5025535B1}.Debug|Any CPU.Build.0 = Debug|Any CPU
		{D94F06D4-9706-419B-B6C7-95A5025535B1}.Debug|x64.ActiveCfg = Debug|x64
		{D94F06D4-9706-419B-B6C7-95A5025535B1}.Debug|x64.Build.0 = Debug|x64
		{D94F06D4-9706-419B-B6C7-95A5025535B1}.Release|Any CPU.ActiveCfg = Release|Any CPU
		{D94F06D4-9706-419B-B6C7-95A5025535B1}.Release|Any CPU.Build.0 = Release|Any CPU
		{D94F06D4-9706-419B-B6C7-95A5025535B1}.Release|x64.ActiveCfg = Release|x64
		{D94F06D4-9706-419B-B6C7-95A5025535B1}.Release|x64.Build.0 = Release|x64
		{B188AC9D-5475-4C8A-80DC-D951CF505FA2}.Debug|Any CPU.ActiveCfg = Debug|Any CPU
		{B188AC9D-5475-4C8A-80DC-D951CF505FA2}.Debug|Any CPU.Build.0 = Debug|Any CPU
		{B188AC9D-5475-4C8A-80DC-D951CF505FA2}.Debug|x64.ActiveCfg = Debug|x64
		{B188AC9D-5475-4C8A-80DC-D951CF505FA2}.Debug|x64.Build.0 = Debug|x64
		{B188AC9D-5475-4C8A-80DC-D951CF505FA2}.Release|Any CPU.ActiveCfg = Release|Any CPU
		{B188AC9D-5475-4C8A-80DC-D951CF505FA2}.Release|Any CPU.Build.0 = Release|Any CPU
		{B188AC9D-5475-4C8A-80DC-D951CF505FA2}.Release|x64.ActiveCfg = Release|x64
		{B188AC9D-5475-4C8A-80DC-D951CF505FA2}.Release|x64.Build.0 = Release|x64
		{1DCBAF4C-33D7-404B-BAB5-425CA6D08DBA}.Debug|Any CPU.ActiveCfg = Debug|Any CPU
		{1DCBAF4C-33D7-404B-BAB5-425CA6D08DBA}.Debug|Any CPU.Build.0 = Debug|Any CPU
		{1DCBAF4C-33D7-404B-BAB5-425CA6D08DBA}.Debug|x64.ActiveCfg = Debug|x64
		{1DCBAF4C-33D7-404B-BAB5-425CA6D08DBA}.Debug|x64.Build.0 = Debug|x64
		{1DCBAF4C-33D7-404B-BAB5-425CA6D08DBA}.Release|Any CPU.ActiveCfg = Release|Any CPU
		{1DCBAF4C-33D7-404B-BAB5-425CA6D08DBA}.Release|Any CPU.Build.0 = Release|Any CPU
		{1DCBAF4C-33D7-404B-BAB5-425CA6D08DBA}.Release|x64.ActiveCfg = Release|x64
		{1DCBAF4C-33D7-404B-BAB5-425CA6D08DBA}.Release|x64.Build.0 = Release|x64
		{7162551C-227C-4372-B935-53308153136A}.Debug|Any CPU.ActiveCfg = Debug|Any CPU
		{7162551C-227C-4372-B935-53308153136A}.Debug|Any CPU.Build.0 = Debug|Any CPU
		{7162551C-227C-4372-B935-53308153136A}.Debug|x64.ActiveCfg = Debug|x64
		{7162551C-227C-4372-B935-53308153136A}.Debug|x64.Build.0 = Debug|x64
		{7162551C-227C-4372-B935-53308153136A}.Release|Any CPU.ActiveCfg = Release|Any CPU
		{7162551C-227C-4372-B935-53308153136A}.Release|Any CPU.Build.0 = Release|Any CPU
		{7162551C-227C-4372-B935-53308153136A}.Release|x64.ActiveCfg = Release|x64
		{7162551C-227C-4372-B935-53308153136A}.Release|x64.Build.0 = Release|x64
		{93AA3FFB-C6C8-428F-A623-651010D8DB46}.Debug|Any CPU.ActiveCfg = Debug|Any CPU
		{93AA3FFB-C6C8-428F-A623-651010D8DB46}.Debug|Any CPU.Build.0 = Debug|Any CPU
		{93AA3FFB-C6C8-428F-A623-651010D8DB46}.Debug|x64.ActiveCfg = Debug|x64
		{93AA3FFB-C6C8-428F-A623-651010D8DB46}.Debug|x64.Build.0 = Debug|x64
		{93AA3FFB-C6C8-428F-A623-651010D8DB46}.Release|Any CPU.ActiveCfg = Release|Any CPU
		{93AA3FFB-C6C8-428F-A623-651010D8DB46}.Release|Any CPU.Build.0 = Release|Any CPU
		{93AA3FFB-C6C8-428F-A623-651010D8DB46}.Release|x64.ActiveCfg = Release|x64
		{93AA3FFB-C6C8-428F-A623-651010D8DB46}.Release|x64.Build.0 = Release|x64
		{926A8F36-3A29-44B3-B2C3-6E46E25757E0}.Debug|Any CPU.ActiveCfg = Debug|Any CPU
		{926A8F36-3A29-44B3-B2C3-6E46E25757E0}.Debug|Any CPU.Build.0 = Debug|Any CPU
		{926A8F36-3A29-44B3-B2C3-6E46E25757E0}.Debug|x64.ActiveCfg = Debug|x64
		{926A8F36-3A29-44B3-B2C3-6E46E25757E0}.Debug|x64.Build.0 = Debug|x64
		{926A8F36-3A29-44B3-B2C3-6E46E25757E0}.Release|Any CPU.ActiveCfg = Release|Any CPU
		{926A8F36-3A29-44B3-B2C3-6E46E25757E0}.Release|Any CPU.Build.0 = Release|Any CPU
		{926A8F36-3A29-44B3-B2C3-6E46E25757E0}.Release|x64.ActiveCfg = Release|x64
		{926A8F36-3A29-44B3-B2C3-6E46E25757E0}.Release|x64.Build.0 = Release|x64
		{BF9C89C9-06EF-414F-990D-984470CECA27}.Debug|Any CPU.ActiveCfg = Debug|Any CPU
		{BF9C89C9-06EF-414F-990D-984470CECA27}.Debug|Any CPU.Build.0 = Debug|Any CPU
		{BF9C89C9-06EF-414F-990D-984470CECA27}.Debug|x64.ActiveCfg = Debug|x64
		{BF9C89C9-06EF-414F-990D-984470CECA27}.Debug|x64.Build.0 = Debug|x64
		{BF9C89C9-06EF-414F-990D-984470CECA27}.Release|Any CPU.ActiveCfg = Release|Any CPU
		{BF9C89C9-06EF-414F-990D-984470CECA27}.Release|Any CPU.Build.0 = Release|Any CPU
		{BF9C89C9-06EF-414F-990D-984470CECA27}.Release|x64.ActiveCfg = Release|x64
		{BF9C89C9-06EF-414F-990D-984470CECA27}.Release|x64.Build.0 = Release|x64
		{F345E0BA-FC56-4153-B1E5-2F77A9F7C2D7}.Debug|Any CPU.ActiveCfg = Debug|Any CPU
		{F345E0BA-FC56-4153-B1E5-2F77A9F7C2D7}.Debug|Any CPU.Build.0 = Debug|Any CPU
		{F345E0BA-FC56-4153-B1E5-2F77A9F7C2D7}.Debug|x64.ActiveCfg = Debug|x64
		{F345E0BA-FC56-4153-B1E5-2F77A9F7C2D7}.Debug|x64.Build.0 = Debug|x64
		{F345E0BA-FC56-4153-B1E5-2F77A9F7C2D7}.Release|Any CPU.ActiveCfg = Release|Any CPU
		{F345E0BA-FC56-4153-B1E5-2F77A9F7C2D7}.Release|Any CPU.Build.0 = Release|Any CPU
		{F345E0BA-FC56-4153-B1E5-2F77A9F7C2D7}.Release|x64.ActiveCfg = Release|x64
		{F345E0BA-FC56-4153-B1E5-2F77A9F7C2D7}.Release|x64.Build.0 = Release|x64
		{1424B863-8F20-41B3-A96C-A9D1C23F7613}.Debug|Any CPU.ActiveCfg = Debug|Any CPU
		{1424B863-8F20-41B3-A96C-A9D1C23F7613}.Debug|Any CPU.Build.0 = Debug|Any CPU
		{1424B863-8F20-41B3-A96C-A9D1C23F7613}.Debug|x64.ActiveCfg = Debug|x64
		{1424B863-8F20-41B3-A96C-A9D1C23F7613}.Debug|x64.Build.0 = Debug|x64
		{1424B863-8F20-41B3-A96C-A9D1C23F7613}.Release|Any CPU.ActiveCfg = Release|Any CPU
		{1424B863-8F20-41B3-A96C-A9D1C23F7613}.Release|Any CPU.Build.0 = Release|Any CPU
		{1424B863-8F20-41B3-A96C-A9D1C23F7613}.Release|x64.ActiveCfg = Release|x64
		{1424B863-8F20-41B3-A96C-A9D1C23F7613}.Release|x64.Build.0 = Release|x64
		{209FA8C6-D813-4711-ABE4-99CAEDB59551}.Debug|Any CPU.ActiveCfg = Debug|Any CPU
		{209FA8C6-D813-4711-ABE4-99CAEDB59551}.Debug|Any CPU.Build.0 = Debug|Any CPU
		{209FA8C6-D813-4711-ABE4-99CAEDB59551}.Debug|x64.ActiveCfg = Debug|x64
		{209FA8C6-D813-4711-ABE4-99CAEDB59551}.Debug|x64.Build.0 = Debug|x64
		{209FA8C6-D813-4711-ABE4-99CAEDB59551}.Release|Any CPU.ActiveCfg = Release|Any CPU
		{209FA8C6-D813-4711-ABE4-99CAEDB59551}.Release|Any CPU.Build.0 = Release|Any CPU
		{209FA8C6-D813-4711-ABE4-99CAEDB59551}.Release|x64.ActiveCfg = Release|x64
		{209FA8C6-D813-4711-ABE4-99CAEDB59551}.Release|x64.Build.0 = Release|x64
		{C3F6F6F9-064F-4A51-97BA-FB5603373E32}.Debug|Any CPU.ActiveCfg = Debug|Any CPU
		{C3F6F6F9-064F-4A51-97BA-FB5603373E32}.Debug|Any CPU.Build.0 = Debug|Any CPU
		{C3F6F6F9-064F-4A51-97BA-FB5603373E32}.Debug|x64.ActiveCfg = Debug|x64
		{C3F6F6F9-064F-4A51-97BA-FB5603373E32}.Debug|x64.Build.0 = Debug|x64
		{C3F6F6F9-064F-4A51-97BA-FB5603373E32}.Release|Any CPU.ActiveCfg = Release|Any CPU
		{C3F6F6F9-064F-4A51-97BA-FB5603373E32}.Release|Any CPU.Build.0 = Release|Any CPU
		{C3F6F6F9-064F-4A51-97BA-FB5603373E32}.Release|x64.ActiveCfg = Release|x64
		{C3F6F6F9-064F-4A51-97BA-FB5603373E32}.Release|x64.Build.0 = Release|x64
		{91E8CC87-30D5-43A0-8B08-BF8E8C44A9E1}.Debug|Any CPU.ActiveCfg = Debug|Any CPU
		{91E8CC87-30D5-43A0-8B08-BF8E8C44A9E1}.Debug|Any CPU.Build.0 = Debug|Any CPU
		{91E8CC87-30D5-43A0-8B08-BF8E8C44A9E1}.Debug|x64.ActiveCfg = Debug|x64
		{91E8CC87-30D5-43A0-8B08-BF8E8C44A9E1}.Debug|x64.Build.0 = Debug|x64
		{91E8CC87-30D5-43A0-8B08-BF8E8C44A9E1}.Release|Any CPU.ActiveCfg = Release|Any CPU
		{91E8CC87-30D5-43A0-8B08-BF8E8C44A9E1}.Release|Any CPU.Build.0 = Release|Any CPU
		{91E8CC87-30D5-43A0-8B08-BF8E8C44A9E1}.Release|x64.ActiveCfg = Release|x64
		{91E8CC87-30D5-43A0-8B08-BF8E8C44A9E1}.Release|x64.Build.0 = Release|x64
		{E8027900-5F4D-4BFF-8439-1AD92123E9EC}.Debug|Any CPU.ActiveCfg = Debug|Any CPU
		{E8027900-5F4D-4BFF-8439-1AD92123E9EC}.Debug|Any CPU.Build.0 = Debug|Any CPU
		{E8027900-5F4D-4BFF-8439-1AD92123E9EC}.Debug|x64.ActiveCfg = Debug|x64
		{E8027900-5F4D-4BFF-8439-1AD92123E9EC}.Debug|x64.Build.0 = Debug|x64
		{E8027900-5F4D-4BFF-8439-1AD92123E9EC}.Release|Any CPU.ActiveCfg = Release|Any CPU
		{E8027900-5F4D-4BFF-8439-1AD92123E9EC}.Release|Any CPU.Build.0 = Release|Any CPU
		{E8027900-5F4D-4BFF-8439-1AD92123E9EC}.Release|x64.ActiveCfg = Release|x64
		{E8027900-5F4D-4BFF-8439-1AD92123E9EC}.Release|x64.Build.0 = Release|x64
		{52EDBE6F-2EE1-4DCD-9849-C5187C2D11E5}.Debug|Any CPU.ActiveCfg = Debug|Any CPU
		{52EDBE6F-2EE1-4DCD-9849-C5187C2D11E5}.Debug|Any CPU.Build.0 = Debug|Any CPU
		{52EDBE6F-2EE1-4DCD-9849-C5187C2D11E5}.Debug|x64.ActiveCfg = Debug|Any CPU
		{52EDBE6F-2EE1-4DCD-9849-C5187C2D11E5}.Debug|x64.Build.0 = Debug|Any CPU
		{52EDBE6F-2EE1-4DCD-9849-C5187C2D11E5}.Release|Any CPU.ActiveCfg = Release|Any CPU
		{52EDBE6F-2EE1-4DCD-9849-C5187C2D11E5}.Release|Any CPU.Build.0 = Release|Any CPU
		{52EDBE6F-2EE1-4DCD-9849-C5187C2D11E5}.Release|x64.ActiveCfg = Release|Any CPU
		{52EDBE6F-2EE1-4DCD-9849-C5187C2D11E5}.Release|x64.Build.0 = Release|Any CPU
		{D704B6FD-D8AE-4838-AEB1-4538155D502A}.Debug|Any CPU.ActiveCfg = Debug|Any CPU
		{D704B6FD-D8AE-4838-AEB1-4538155D502A}.Debug|Any CPU.Build.0 = Debug|Any CPU
		{D704B6FD-D8AE-4838-AEB1-4538155D502A}.Debug|x64.ActiveCfg = Debug|Any CPU
		{D704B6FD-D8AE-4838-AEB1-4538155D502A}.Debug|x64.Build.0 = Debug|Any CPU
		{D704B6FD-D8AE-4838-AEB1-4538155D502A}.Release|Any CPU.ActiveCfg = Release|Any CPU
		{D704B6FD-D8AE-4838-AEB1-4538155D502A}.Release|Any CPU.Build.0 = Release|Any CPU
		{D704B6FD-D8AE-4838-AEB1-4538155D502A}.Release|x64.ActiveCfg = Release|Any CPU
		{D704B6FD-D8AE-4838-AEB1-4538155D502A}.Release|x64.Build.0 = Release|Any CPU
	EndGlobalSection
	GlobalSection(SolutionProperties) = preSolution
		HideSolutionNode = FALSE
	EndGlobalSection
	GlobalSection(NestedProjects) = preSolution
		{96996A9F-963A-46FB-920F-2F643B41D365} = {D9195259-9BD6-476C-8C80-D3F63EF49844}
		{C29F69F3-095B-4AF4-A19F-62046A030E20} = {703DCB52-753A-40DF-AF2E-C9F3D3F75827}
		{575BA17C-71D5-4309-B5FD-7C8ABEEA91D1} = {703DCB52-753A-40DF-AF2E-C9F3D3F75827}
		{D8F75C4B-F56B-4BC9-AF0A-9E5380F126E1} = {575BA17C-71D5-4309-B5FD-7C8ABEEA91D1}
		{B9ACF877-48F4-47B2-A171-D59755912297} = {575BA17C-71D5-4309-B5FD-7C8ABEEA91D1}
		{95EB6413-8C07-425E-8DFF-922DC63F1CF8} = {575BA17C-71D5-4309-B5FD-7C8ABEEA91D1}
		{1C379C99-E87E-4BBD-801D-F85BAB103BDE} = {703DCB52-753A-40DF-AF2E-C9F3D3F75827}
		{57B46349-3B80-454C-90DF-F0F458A3E71A} = {C29F69F3-095B-4AF4-A19F-62046A030E20}
		{A0BC01EF-333C-4CA2-803A-75DA74CB85DF} = {D8F75C4B-F56B-4BC9-AF0A-9E5380F126E1}
		{D94F06D4-9706-419B-B6C7-95A5025535B1} = {B9ACF877-48F4-47B2-A171-D59755912297}
		{B188AC9D-5475-4C8A-80DC-D951CF505FA2} = {B9ACF877-48F4-47B2-A171-D59755912297}
		{E1B9EDB0-66F1-422D-82D3-5F3699481BEA} = {95EB6413-8C07-425E-8DFF-922DC63F1CF8}
		{4B34B6BB-8670-48B2-A75D-3620D1246E5D} = {95EB6413-8C07-425E-8DFF-922DC63F1CF8}
		{F849C5B4-E1BE-4A8E-B16A-C1E83FC8A3F2} = {95EB6413-8C07-425E-8DFF-922DC63F1CF8}
		{1DCBAF4C-33D7-404B-BAB5-425CA6D08DBA} = {4B34B6BB-8670-48B2-A75D-3620D1246E5D}
		{7162551C-227C-4372-B935-53308153136A} = {E1B9EDB0-66F1-422D-82D3-5F3699481BEA}
		{93AA3FFB-C6C8-428F-A623-651010D8DB46} = {F849C5B4-E1BE-4A8E-B16A-C1E83FC8A3F2}
		{926A8F36-3A29-44B3-B2C3-6E46E25757E0} = {F849C5B4-E1BE-4A8E-B16A-C1E83FC8A3F2}
		{BF9C89C9-06EF-414F-990D-984470CECA27} = {9F695D57-7297-451C-BB50-DA3060E59D2D}
		{F345E0BA-FC56-4153-B1E5-2F77A9F7C2D7} = {9F695D57-7297-451C-BB50-DA3060E59D2D}
		{1424B863-8F20-41B3-A96C-A9D1C23F7613} = {F849C5B4-E1BE-4A8E-B16A-C1E83FC8A3F2}
		{209FA8C6-D813-4711-ABE4-99CAEDB59551} = {F849C5B4-E1BE-4A8E-B16A-C1E83FC8A3F2}
		{D9195259-9BD6-476C-8C80-D3F63EF49844} = {1C379C99-E87E-4BBD-801D-F85BAB103BDE}
		{9F695D57-7297-451C-BB50-DA3060E59D2D} = {1C379C99-E87E-4BBD-801D-F85BAB103BDE}
		{C3F6F6F9-064F-4A51-97BA-FB5603373E32} = {9F695D57-7297-451C-BB50-DA3060E59D2D}
		{91E8CC87-30D5-43A0-8B08-BF8E8C44A9E1} = {9F695D57-7297-451C-BB50-DA3060E59D2D}
		{E8027900-5F4D-4BFF-8439-1AD92123E9EC} = {F849C5B4-E1BE-4A8E-B16A-C1E83FC8A3F2}
		{94B58D2A-0937-4DA0-872C-A09D8AA83CE8} = {703DCB52-753A-40DF-AF2E-C9F3D3F75827}
		{52EDBE6F-2EE1-4DCD-9849-C5187C2D11E5} = {94B58D2A-0937-4DA0-872C-A09D8AA83CE8}
		{D704B6FD-D8AE-4838-AEB1-4538155D502A} = {94B58D2A-0937-4DA0-872C-A09D8AA83CE8}
	EndGlobalSection
	GlobalSection(ExtensibilityGlobals) = postSolution
		SolutionGuid = {C64EC7B3-0A15-4428-8EA9-E871C89950DA}
	EndGlobalSection
EndGlobal
