
Microsoft Visual Studio Solution File, Format Version 12.00
# Visual Studio Version 16
VisualStudioVersion = 16.0.30804.86
MinimumVisualStudioVersion = 10.0.40219.1
Project("{2150E333-8FDC-42A3-9474-1A3956D46DE8}") = "Docs", "Docs", "{FFEFBF2E-C11B-4EE9-9483-6897BA2DD012}"
	ProjectSection(SolutionItems) = preProject
		..\LICENSE = ..\LICENSE
		..\README.md = ..\README.md
	EndProjectSection
EndProject
Project("{2150E333-8FDC-42A3-9474-1A3956D46DE8}") = "Configuration", "Configuration", "{1C230760-E16A-4E33-97C3-4BEE54F4DBD7}"
	ProjectSection(SolutionItems) = preProject
		..\.gitignore = ..\.gitignore
		clean.ps1 = clean.ps1
		global.json = global.json
	EndProjectSection
EndProject
Project("{2150E333-8FDC-42A3-9474-1A3956D46DE8}") = "Src", "Src", "{148DD16C-806B-470E-96D4-3B2B9EC0BA1E}"
EndProject
Project("{2150E333-8FDC-42A3-9474-1A3956D46DE8}") = "Tests", "Tests", "{9A8AC1A2-DE59-48F1-8C3F-0F7B6B28340C}"
EndProject
Project("{2150E333-8FDC-42A3-9474-1A3956D46DE8}") = "CLI", "CLI", "{B0579C72-2BF7-4E36-A691-2AA058D18D95}"
EndProject
Project("{2150E333-8FDC-42A3-9474-1A3956D46DE8}") = "WebPortal", "WebPortal", "{3EEC428C-50A2-4037-95AB-1A06F35918D0}"
EndProject
Project("{2150E333-8FDC-42A3-9474-1A3956D46DE8}") = "WebApi", "WebApi", "{B74884A4-1831-4CC3-B2D9-FFAD6ABB6301}"
EndProject
Project("{2150E333-8FDC-42A3-9474-1A3956D46DE8}") = "Shared", "Shared", "{35F34145-00DE-4FEC-AF3E-E50D4502DA31}"
EndProject
Project("{2150E333-8FDC-42A3-9474-1A3956D46DE8}") = "Presentation", "Presentation", "{BE26D434-730F-442E-895E-337366C9E721}"
EndProject
Project("{2150E333-8FDC-42A3-9474-1A3956D46DE8}") = "Core", "Core", "{5BAFD143-2BD6-4F12-98E2-944FEE427B6C}"
EndProject
Project("{2150E333-8FDC-42A3-9474-1A3956D46DE8}") = "Presentation", "Presentation", "{C67051FC-00EF-4AE2-B276-E69E72C03157}"
EndProject
Project("{2150E333-8FDC-42A3-9474-1A3956D46DE8}") = "Core", "Core", "{D6024E91-8DC1-48C8-8D14-111A6A74E324}"
EndProject
Project("{2150E333-8FDC-42A3-9474-1A3956D46DE8}") = "Presentation", "Presentation", "{ED2ED817-E392-4ED7-A993-154A0F5742B6}"
EndProject
Project("{2150E333-8FDC-42A3-9474-1A3956D46DE8}") = "Library", "Library", "{5512F33E-725C-408C-B208-A580046F19C1}"
EndProject
Project("{9A19103F-16F7-4668-BE54-9A1E7A4F7556}") = "MagicOperations", "Shared\Library\MagicOperations\MagicOperations.csproj", "{93B30C3A-7469-4682-AFE9-9046F7804A70}"
EndProject
Project("{9A19103F-16F7-4668-BE54-9A1E7A4F7556}") = "MediatR.GenericOperations", "Shared\Library\MediatR.GenericOperations\MediatR.GenericOperations.csproj", "{9EF8DB95-C8B3-452D-9D4E-85E47EFDCE03}"
EndProject
Project("{9A19103F-16F7-4668-BE54-9A1E7A4F7556}") = "AdsPortal.CLI", "CLI\Presentation\AdsPortal.CLI\AdsPortal.CLI.csproj", "{7B5874F7-2B73-4BB3-9823-02EDAF9D2DF2}"
EndProject
Project("{9A19103F-16F7-4668-BE54-9A1E7A4F7556}") = "AdsPortal.WebApi", "WebApi\Presentation\AdsPortal.WebApi\AdsPortal.WebApi.csproj", "{2BBAFC1A-F294-4AB9-96A7-D1C645349532}"
EndProject
Project("{9A19103F-16F7-4668-BE54-9A1E7A4F7556}") = "AdsPortal.WebPortal", "WebPortal\Presentation\AdsPortal.WebPortal\AdsPortal.WebPortal.csproj", "{30DD8F3B-84AF-4EF1-A489-F8B2EA08BBC8}"
EndProject
Project("{2150E333-8FDC-42A3-9474-1A3956D46DE8}") = "Application", "Application", "{6A644DF3-7F9D-4857-8E68-8105D5DE915D}"
EndProject
Project("{2150E333-8FDC-42A3-9474-1A3956D46DE8}") = "Domain", "Domain", "{FE162396-C714-4F7E-9236-CFB048D74D28}"
EndProject
Project("{2150E333-8FDC-42A3-9474-1A3956D46DE8}") = "Infrastructure", "Infrastructure", "{96708E2D-A994-48EE-9894-F68C5CF3D452}"
EndProject
Project("{2150E333-8FDC-42A3-9474-1A3956D46DE8}") = "Persistence", "Persistence", "{44100458-E6E6-4B89-96DD-4D0EE0F96C89}"
EndProject
Project("{2150E333-8FDC-42A3-9474-1A3956D46DE8}") = "IntegrationServices", "IntegrationServices", "{D611F85D-BFDE-4F95-8057-6D81ED765B4F}"
EndProject
Project("{2150E333-8FDC-42A3-9474-1A3956D46DE8}") = "CrossCutting", "CrossCutting", "{2B9EE1C8-32C0-49CD-8584-AA09D5AEA40E}"
EndProject
Project("{2150E333-8FDC-42A3-9474-1A3956D46DE8}") = "Infrastructure", "Infrastructure", "{E3CD48B4-BA0C-41FE-A164-163BA51BB0D7}"
EndProject
Project("{9A19103F-16F7-4668-BE54-9A1E7A4F7556}") = "AdsPortal.Shared.Infrastructure.Logging", "Shared\Infrastructure\AdsPortal.Shared.Infrastructure.Logging\AdsPortal.Shared.Infrastructure.Logging.csproj", "{71F2C442-B296-43BF-8C30-EDE9B52C1F33}"
EndProject
Project("{9A19103F-16F7-4668-BE54-9A1E7A4F7556}") = "AdsPortal.WebApi.Persistence", "WebApi\Core\AdsPortal.WebApi.Persistence\AdsPortal.WebApi.Persistence.csproj", "{375B5932-211E-4B73-8F68-1902F96DB840}"
EndProject
Project("{9A19103F-16F7-4668-BE54-9A1E7A4F7556}") = "AdsPortal.WebApi.Infrastructure", "WebApi\Core\AdsPortal.WebApi.Infrastructure\AdsPortal.WebApi.Infrastructure.csproj", "{14860DD2-5097-4F29-9973-EBA7FE828CD7}"
EndProject
Project("{9A19103F-16F7-4668-BE54-9A1E7A4F7556}") = "AdsPortal.WebApi.Infrastructure.Identity", "WebApi\Core\AdsPortal.WebApi.Infrastructure.Identity\AdsPortal.WebApi.Infrastructure.Identity.csproj", "{4BF257F6-A55B-40CF-8B3E-0C417EA67410}"
EndProject
Project("{9A19103F-16F7-4668-BE54-9A1E7A4F7556}") = "AdsPortal.WebApi.Infrastructure.JobScheduler", "WebApi\Core\AdsPortal.WebApi.Infrastructure.JobScheduler\AdsPortal.WebApi.Infrastructure.JobScheduler.csproj", "{09659B3E-BFF9-4408-8918-80E70B2B4D5C}"
EndProject
Project("{9A19103F-16F7-4668-BE54-9A1E7A4F7556}") = "AdsPortal.WebApi.Infrastructure.Media", "WebApi\Core\AdsPortal.WebApi.Infrastructure.Media\AdsPortal.WebApi.Infrastructure.Media.csproj", "{D8F69895-A800-4EAA-AE48-60FA0E9699BE}"
EndProject
Project("{9A19103F-16F7-4668-BE54-9A1E7A4F7556}") = "AdsPortal.WebApi.Application", "WebApi\Core\AdsPortal.WebApi.Application\AdsPortal.WebApi.Application.csproj", "{9150B428-7679-4586-B4BA-3D81F2E658B6}"
EndProject
Project("{9A19103F-16F7-4668-BE54-9A1E7A4F7556}") = "AdsPortal.WebApi.Domain", "WebApi\Core\AdsPortal.WebApi.Domain\AdsPortal.WebApi.Domain.csproj", "{8802AE89-255C-46FB-AC3E-A7149A1BBE71}"
EndProject
Project("{9A19103F-16F7-4668-BE54-9A1E7A4F7556}") = "AdsPortal.Shared.Infrastructure.Common", "Shared\Infrastructure\AdsPortal.Shared.Infrastructure.Common\AdsPortal.Shared.Infrastructure.Common.csproj", "{E81A4130-39E1-4D99-9A82-8A0306BB7E27}"
EndProject
Project("{2150E333-8FDC-42A3-9474-1A3956D46DE8}") = "Common", "Common", "{04A1F21F-9B48-470D-9B83-FC6887CA0274}"
EndProject
Project("{9A19103F-16F7-4668-BE54-9A1E7A4F7556}") = "AdsPortal.Shared.Common", "Shared\Common\AdsPortal.Shared.Common\AdsPortal.Shared.Common.csproj", "{3A268FD0-8F12-47EB-9352-C0507B71412F}"
EndProject
Project("{2150E333-8FDC-42A3-9474-1A3956D46DE8}") = "Application", "Application", "{DCAB595A-1A87-4109-BD8B-1B003E829604}"
EndProject
Project("{9A19103F-16F7-4668-BE54-9A1E7A4F7556}") = "AdsPortal.CLI.Application", "CLI\Core\AdsPortal.CLI.Application\AdsPortal.CLI.Application.csproj", "{4E4F5D4D-C0E8-421C-9998-BE8117B9E3EB}"
EndProject
Project("{2150E333-8FDC-42A3-9474-1A3956D46DE8}") = "Infrastructure", "Infrastructure", "{E9FB5DC0-CB7E-462A-AB48-29E466679CE3}"
EndProject
Project("{9A19103F-16F7-4668-BE54-9A1E7A4F7556}") = "AdsPortal.WebApi.Domain.Abstractions", "WebApi\Core\AdsPortal.WebApi.Domain.Abstractions\AdsPortal.WebApi.Domain.Abstractions.csproj", "{C0FFFC74-8EFF-4E88-BE7D-75C2D9D8B3AC}"
EndProject
Project("{9A19103F-16F7-4668-BE54-9A1E7A4F7556}") = "AdsPortal.Shared.Extensions", "Shared\Common\AdsPortal.Shared.Extensions\AdsPortal.Shared.Extensions.csproj", "{7ECF3BE6-49C4-41FC-BAFC-4D3137A10C86}"
EndProject
Project("{9A19103F-16F7-4668-BE54-9A1E7A4F7556}") = "AdsPortal.WebApi.Grpc", "WebApi\Presentation\AdsPortal.WebApi.Grpc\AdsPortal.WebApi.Grpc.csproj", "{27035688-53E9-458F-9A07-C6ABF01DF598}"
EndProject
Project("{9A19103F-16F7-4668-BE54-9A1E7A4F7556}") = "AdsPortal.WebApi.Rest", "WebApi\Presentation\AdsPortal.WebApi.Rest\AdsPortal.WebApi.Rest.csproj", "{1A3DC564-49C6-4E2A-A4F4-39E60B1B1B3F}"
EndProject
Project("{9A19103F-16F7-4668-BE54-9A1E7A4F7556}") = "StringUnformatter", "Shared\Library\StringUnformatter\StringUnformatter.csproj", "{9B3041DD-8D2B-40D8-8C50-4DADFCEEE17B}"
EndProject
Project("{2150E333-8FDC-42A3-9474-1A3956D46DE8}") = "Shared", "Shared", "{645343C9-A63A-420E-AC59-28AB5ADD9151}"
EndProject
Project("{2150E333-8FDC-42A3-9474-1A3956D46DE8}") = "Library", "Library", "{C6E8E3BB-45BE-4D72-B1E1-CA867E61E10D}"
EndProject
Project("{9A19103F-16F7-4668-BE54-9A1E7A4F7556}") = "StringUnformatter.Tests", "Shared\Library\StringUnformatter.Tests\StringUnformatter.Tests.csproj", "{7AF4C7AB-2283-4E21-98AF-E0C74AC0B71E}"
EndProject
Project("{9A19103F-16F7-4668-BE54-9A1E7A4F7556}") = "MagicModels", "Shared\Library\MagicModels\MagicModels.csproj", "{FA901DBE-55BA-4A15-8FF5-91616CB74E59}"
EndProject
Project("{9A19103F-16F7-4668-BE54-9A1E7A4F7556}") = "AdsPortal.WebApi.Infrastructure.Mailing", "WebApi\Core\AdsPortal.WebApi.Infrastructure.Mailing\AdsPortal.WebApi.Infrastructure.Mailing.csproj", "{865EECEC-5E78-4E19-999C-166F1573BABD}"
EndProject
Global
	GlobalSection(SolutionConfigurationPlatforms) = preSolution
		Debug|x64 = Debug|x64
		Release|x64 = Release|x64
	EndGlobalSection
	GlobalSection(ProjectConfigurationPlatforms) = postSolution
		{93B30C3A-7469-4682-AFE9-9046F7804A70}.Debug|x64.ActiveCfg = Debug|x64
		{93B30C3A-7469-4682-AFE9-9046F7804A70}.Debug|x64.Build.0 = Debug|x64
		{93B30C3A-7469-4682-AFE9-9046F7804A70}.Release|x64.ActiveCfg = Release|x64
		{93B30C3A-7469-4682-AFE9-9046F7804A70}.Release|x64.Build.0 = Release|x64
		{9EF8DB95-C8B3-452D-9D4E-85E47EFDCE03}.Debug|x64.ActiveCfg = Debug|x64
		{9EF8DB95-C8B3-452D-9D4E-85E47EFDCE03}.Debug|x64.Build.0 = Debug|x64
		{9EF8DB95-C8B3-452D-9D4E-85E47EFDCE03}.Release|x64.ActiveCfg = Release|x64
		{9EF8DB95-C8B3-452D-9D4E-85E47EFDCE03}.Release|x64.Build.0 = Release|x64
		{7B5874F7-2B73-4BB3-9823-02EDAF9D2DF2}.Debug|x64.ActiveCfg = Debug|x64
		{7B5874F7-2B73-4BB3-9823-02EDAF9D2DF2}.Debug|x64.Build.0 = Debug|x64
		{7B5874F7-2B73-4BB3-9823-02EDAF9D2DF2}.Release|x64.ActiveCfg = Release|x64
		{7B5874F7-2B73-4BB3-9823-02EDAF9D2DF2}.Release|x64.Build.0 = Release|x64
		{2BBAFC1A-F294-4AB9-96A7-D1C645349532}.Debug|x64.ActiveCfg = Debug|x64
		{2BBAFC1A-F294-4AB9-96A7-D1C645349532}.Debug|x64.Build.0 = Debug|x64
		{2BBAFC1A-F294-4AB9-96A7-D1C645349532}.Release|x64.ActiveCfg = Release|x64
		{2BBAFC1A-F294-4AB9-96A7-D1C645349532}.Release|x64.Build.0 = Release|x64
		{30DD8F3B-84AF-4EF1-A489-F8B2EA08BBC8}.Debug|x64.ActiveCfg = Debug|x64
		{30DD8F3B-84AF-4EF1-A489-F8B2EA08BBC8}.Debug|x64.Build.0 = Debug|x64
		{30DD8F3B-84AF-4EF1-A489-F8B2EA08BBC8}.Release|x64.ActiveCfg = Release|x64
		{30DD8F3B-84AF-4EF1-A489-F8B2EA08BBC8}.Release|x64.Build.0 = Release|x64
		{71F2C442-B296-43BF-8C30-EDE9B52C1F33}.Debug|x64.ActiveCfg = Debug|x64
		{71F2C442-B296-43BF-8C30-EDE9B52C1F33}.Debug|x64.Build.0 = Debug|x64
		{71F2C442-B296-43BF-8C30-EDE9B52C1F33}.Release|x64.ActiveCfg = Release|x64
		{71F2C442-B296-43BF-8C30-EDE9B52C1F33}.Release|x64.Build.0 = Release|x64
		{375B5932-211E-4B73-8F68-1902F96DB840}.Debug|x64.ActiveCfg = Debug|x64
		{375B5932-211E-4B73-8F68-1902F96DB840}.Debug|x64.Build.0 = Debug|x64
		{375B5932-211E-4B73-8F68-1902F96DB840}.Release|x64.ActiveCfg = Release|x64
		{375B5932-211E-4B73-8F68-1902F96DB840}.Release|x64.Build.0 = Release|x64
		{14860DD2-5097-4F29-9973-EBA7FE828CD7}.Debug|x64.ActiveCfg = Debug|x64
		{14860DD2-5097-4F29-9973-EBA7FE828CD7}.Debug|x64.Build.0 = Debug|x64
		{14860DD2-5097-4F29-9973-EBA7FE828CD7}.Release|x64.ActiveCfg = Release|x64
		{14860DD2-5097-4F29-9973-EBA7FE828CD7}.Release|x64.Build.0 = Release|x64
		{4BF257F6-A55B-40CF-8B3E-0C417EA67410}.Debug|x64.ActiveCfg = Debug|x64
		{4BF257F6-A55B-40CF-8B3E-0C417EA67410}.Debug|x64.Build.0 = Debug|x64
		{4BF257F6-A55B-40CF-8B3E-0C417EA67410}.Release|x64.ActiveCfg = Release|x64
		{4BF257F6-A55B-40CF-8B3E-0C417EA67410}.Release|x64.Build.0 = Release|x64
		{09659B3E-BFF9-4408-8918-80E70B2B4D5C}.Debug|x64.ActiveCfg = Debug|x64
		{09659B3E-BFF9-4408-8918-80E70B2B4D5C}.Debug|x64.Build.0 = Debug|x64
		{09659B3E-BFF9-4408-8918-80E70B2B4D5C}.Release|x64.ActiveCfg = Release|x64
		{09659B3E-BFF9-4408-8918-80E70B2B4D5C}.Release|x64.Build.0 = Release|x64
		{D8F69895-A800-4EAA-AE48-60FA0E9699BE}.Debug|x64.ActiveCfg = Debug|x64
		{D8F69895-A800-4EAA-AE48-60FA0E9699BE}.Debug|x64.Build.0 = Debug|x64
		{D8F69895-A800-4EAA-AE48-60FA0E9699BE}.Release|x64.ActiveCfg = Release|x64
		{D8F69895-A800-4EAA-AE48-60FA0E9699BE}.Release|x64.Build.0 = Release|x64
		{9150B428-7679-4586-B4BA-3D81F2E658B6}.Debug|x64.ActiveCfg = Debug|x64
		{9150B428-7679-4586-B4BA-3D81F2E658B6}.Debug|x64.Build.0 = Debug|x64
		{9150B428-7679-4586-B4BA-3D81F2E658B6}.Release|x64.ActiveCfg = Release|x64
		{9150B428-7679-4586-B4BA-3D81F2E658B6}.Release|x64.Build.0 = Release|x64
		{8802AE89-255C-46FB-AC3E-A7149A1BBE71}.Debug|x64.ActiveCfg = Debug|x64
		{8802AE89-255C-46FB-AC3E-A7149A1BBE71}.Debug|x64.Build.0 = Debug|x64
		{8802AE89-255C-46FB-AC3E-A7149A1BBE71}.Release|x64.ActiveCfg = Release|x64
		{8802AE89-255C-46FB-AC3E-A7149A1BBE71}.Release|x64.Build.0 = Release|x64
		{E81A4130-39E1-4D99-9A82-8A0306BB7E27}.Debug|x64.ActiveCfg = Debug|x64
		{E81A4130-39E1-4D99-9A82-8A0306BB7E27}.Debug|x64.Build.0 = Debug|x64
		{E81A4130-39E1-4D99-9A82-8A0306BB7E27}.Release|x64.ActiveCfg = Release|x64
		{E81A4130-39E1-4D99-9A82-8A0306BB7E27}.Release|x64.Build.0 = Release|x64
		{3A268FD0-8F12-47EB-9352-C0507B71412F}.Debug|x64.ActiveCfg = Debug|x64
		{3A268FD0-8F12-47EB-9352-C0507B71412F}.Debug|x64.Build.0 = Debug|x64
		{3A268FD0-8F12-47EB-9352-C0507B71412F}.Release|x64.ActiveCfg = Release|x64
		{3A268FD0-8F12-47EB-9352-C0507B71412F}.Release|x64.Build.0 = Release|x64
		{4E4F5D4D-C0E8-421C-9998-BE8117B9E3EB}.Debug|x64.ActiveCfg = Debug|x64
		{4E4F5D4D-C0E8-421C-9998-BE8117B9E3EB}.Debug|x64.Build.0 = Debug|x64
		{4E4F5D4D-C0E8-421C-9998-BE8117B9E3EB}.Release|x64.ActiveCfg = Release|x64
		{4E4F5D4D-C0E8-421C-9998-BE8117B9E3EB}.Release|x64.Build.0 = Release|x64
		{C0FFFC74-8EFF-4E88-BE7D-75C2D9D8B3AC}.Debug|x64.ActiveCfg = Debug|x64
		{C0FFFC74-8EFF-4E88-BE7D-75C2D9D8B3AC}.Debug|x64.Build.0 = Debug|x64
		{C0FFFC74-8EFF-4E88-BE7D-75C2D9D8B3AC}.Release|x64.ActiveCfg = Release|x64
		{C0FFFC74-8EFF-4E88-BE7D-75C2D9D8B3AC}.Release|x64.Build.0 = Release|x64
		{7ECF3BE6-49C4-41FC-BAFC-4D3137A10C86}.Debug|x64.ActiveCfg = Debug|x64
		{7ECF3BE6-49C4-41FC-BAFC-4D3137A10C86}.Debug|x64.Build.0 = Debug|x64
		{7ECF3BE6-49C4-41FC-BAFC-4D3137A10C86}.Release|x64.ActiveCfg = Release|x64
		{7ECF3BE6-49C4-41FC-BAFC-4D3137A10C86}.Release|x64.Build.0 = Release|x64
		{27035688-53E9-458F-9A07-C6ABF01DF598}.Debug|x64.ActiveCfg = Debug|x64
		{27035688-53E9-458F-9A07-C6ABF01DF598}.Debug|x64.Build.0 = Debug|x64
		{27035688-53E9-458F-9A07-C6ABF01DF598}.Release|x64.ActiveCfg = Release|x64
		{27035688-53E9-458F-9A07-C6ABF01DF598}.Release|x64.Build.0 = Release|x64
		{1A3DC564-49C6-4E2A-A4F4-39E60B1B1B3F}.Debug|x64.ActiveCfg = Debug|x64
		{1A3DC564-49C6-4E2A-A4F4-39E60B1B1B3F}.Debug|x64.Build.0 = Debug|x64
		{1A3DC564-49C6-4E2A-A4F4-39E60B1B1B3F}.Release|x64.ActiveCfg = Release|x64
		{1A3DC564-49C6-4E2A-A4F4-39E60B1B1B3F}.Release|x64.Build.0 = Release|x64
		{9B3041DD-8D2B-40D8-8C50-4DADFCEEE17B}.Debug|x64.ActiveCfg = Debug|x64
		{9B3041DD-8D2B-40D8-8C50-4DADFCEEE17B}.Debug|x64.Build.0 = Debug|x64
		{9B3041DD-8D2B-40D8-8C50-4DADFCEEE17B}.Release|x64.ActiveCfg = Release|x64
		{9B3041DD-8D2B-40D8-8C50-4DADFCEEE17B}.Release|x64.Build.0 = Release|x64
		{7AF4C7AB-2283-4E21-98AF-E0C74AC0B71E}.Debug|x64.ActiveCfg = Debug|x64
		{7AF4C7AB-2283-4E21-98AF-E0C74AC0B71E}.Debug|x64.Build.0 = Debug|x64
		{7AF4C7AB-2283-4E21-98AF-E0C74AC0B71E}.Release|x64.ActiveCfg = Release|x64
		{7AF4C7AB-2283-4E21-98AF-E0C74AC0B71E}.Release|x64.Build.0 = Release|x64
		{FA901DBE-55BA-4A15-8FF5-91616CB74E59}.Debug|x64.ActiveCfg = Debug|x64
		{FA901DBE-55BA-4A15-8FF5-91616CB74E59}.Debug|x64.Build.0 = Debug|x64
		{FA901DBE-55BA-4A15-8FF5-91616CB74E59}.Release|x64.ActiveCfg = Release|x64
		{FA901DBE-55BA-4A15-8FF5-91616CB74E59}.Release|x64.Build.0 = Release|x64
		{865EECEC-5E78-4E19-999C-166F1573BABD}.Debug|x64.ActiveCfg = Debug|x64
		{865EECEC-5E78-4E19-999C-166F1573BABD}.Debug|x64.Build.0 = Debug|x64
		{865EECEC-5E78-4E19-999C-166F1573BABD}.Release|x64.ActiveCfg = Release|x64
		{865EECEC-5E78-4E19-999C-166F1573BABD}.Release|x64.Build.0 = Release|x64
	EndGlobalSection
	GlobalSection(SolutionProperties) = preSolution
		HideSolutionNode = FALSE
	EndGlobalSection
	GlobalSection(NestedProjects) = preSolution
		{B0579C72-2BF7-4E36-A691-2AA058D18D95} = {148DD16C-806B-470E-96D4-3B2B9EC0BA1E}
		{3EEC428C-50A2-4037-95AB-1A06F35918D0} = {148DD16C-806B-470E-96D4-3B2B9EC0BA1E}
		{B74884A4-1831-4CC3-B2D9-FFAD6ABB6301} = {148DD16C-806B-470E-96D4-3B2B9EC0BA1E}
		{35F34145-00DE-4FEC-AF3E-E50D4502DA31} = {148DD16C-806B-470E-96D4-3B2B9EC0BA1E}
		{BE26D434-730F-442E-895E-337366C9E721} = {B0579C72-2BF7-4E36-A691-2AA058D18D95}
		{5BAFD143-2BD6-4F12-98E2-944FEE427B6C} = {B0579C72-2BF7-4E36-A691-2AA058D18D95}
		{C67051FC-00EF-4AE2-B276-E69E72C03157} = {B74884A4-1831-4CC3-B2D9-FFAD6ABB6301}
		{D6024E91-8DC1-48C8-8D14-111A6A74E324} = {B74884A4-1831-4CC3-B2D9-FFAD6ABB6301}
		{ED2ED817-E392-4ED7-A993-154A0F5742B6} = {3EEC428C-50A2-4037-95AB-1A06F35918D0}
		{5512F33E-725C-408C-B208-A580046F19C1} = {35F34145-00DE-4FEC-AF3E-E50D4502DA31}
		{93B30C3A-7469-4682-AFE9-9046F7804A70} = {5512F33E-725C-408C-B208-A580046F19C1}
		{9EF8DB95-C8B3-452D-9D4E-85E47EFDCE03} = {5512F33E-725C-408C-B208-A580046F19C1}
		{7B5874F7-2B73-4BB3-9823-02EDAF9D2DF2} = {BE26D434-730F-442E-895E-337366C9E721}
		{2BBAFC1A-F294-4AB9-96A7-D1C645349532} = {C67051FC-00EF-4AE2-B276-E69E72C03157}
		{30DD8F3B-84AF-4EF1-A489-F8B2EA08BBC8} = {ED2ED817-E392-4ED7-A993-154A0F5742B6}
		{6A644DF3-7F9D-4857-8E68-8105D5DE915D} = {D6024E91-8DC1-48C8-8D14-111A6A74E324}
		{FE162396-C714-4F7E-9236-CFB048D74D28} = {D6024E91-8DC1-48C8-8D14-111A6A74E324}
		{96708E2D-A994-48EE-9894-F68C5CF3D452} = {D6024E91-8DC1-48C8-8D14-111A6A74E324}
		{44100458-E6E6-4B89-96DD-4D0EE0F96C89} = {96708E2D-A994-48EE-9894-F68C5CF3D452}
		{D611F85D-BFDE-4F95-8057-6D81ED765B4F} = {96708E2D-A994-48EE-9894-F68C5CF3D452}
		{2B9EE1C8-32C0-49CD-8584-AA09D5AEA40E} = {96708E2D-A994-48EE-9894-F68C5CF3D452}
		{E3CD48B4-BA0C-41FE-A164-163BA51BB0D7} = {35F34145-00DE-4FEC-AF3E-E50D4502DA31}
		{71F2C442-B296-43BF-8C30-EDE9B52C1F33} = {E3CD48B4-BA0C-41FE-A164-163BA51BB0D7}
		{375B5932-211E-4B73-8F68-1902F96DB840} = {44100458-E6E6-4B89-96DD-4D0EE0F96C89}
		{14860DD2-5097-4F29-9973-EBA7FE828CD7} = {D611F85D-BFDE-4F95-8057-6D81ED765B4F}
		{4BF257F6-A55B-40CF-8B3E-0C417EA67410} = {D611F85D-BFDE-4F95-8057-6D81ED765B4F}
		{09659B3E-BFF9-4408-8918-80E70B2B4D5C} = {D611F85D-BFDE-4F95-8057-6D81ED765B4F}
		{D8F69895-A800-4EAA-AE48-60FA0E9699BE} = {D611F85D-BFDE-4F95-8057-6D81ED765B4F}
		{9150B428-7679-4586-B4BA-3D81F2E658B6} = {6A644DF3-7F9D-4857-8E68-8105D5DE915D}
		{8802AE89-255C-46FB-AC3E-A7149A1BBE71} = {FE162396-C714-4F7E-9236-CFB048D74D28}
		{E81A4130-39E1-4D99-9A82-8A0306BB7E27} = {E3CD48B4-BA0C-41FE-A164-163BA51BB0D7}
		{04A1F21F-9B48-470D-9B83-FC6887CA0274} = {35F34145-00DE-4FEC-AF3E-E50D4502DA31}
		{3A268FD0-8F12-47EB-9352-C0507B71412F} = {04A1F21F-9B48-470D-9B83-FC6887CA0274}
		{DCAB595A-1A87-4109-BD8B-1B003E829604} = {5BAFD143-2BD6-4F12-98E2-944FEE427B6C}
		{4E4F5D4D-C0E8-421C-9998-BE8117B9E3EB} = {DCAB595A-1A87-4109-BD8B-1B003E829604}
		{E9FB5DC0-CB7E-462A-AB48-29E466679CE3} = {5BAFD143-2BD6-4F12-98E2-944FEE427B6C}
		{C0FFFC74-8EFF-4E88-BE7D-75C2D9D8B3AC} = {FE162396-C714-4F7E-9236-CFB048D74D28}
		{7ECF3BE6-49C4-41FC-BAFC-4D3137A10C86} = {04A1F21F-9B48-470D-9B83-FC6887CA0274}
		{27035688-53E9-458F-9A07-C6ABF01DF598} = {C67051FC-00EF-4AE2-B276-E69E72C03157}
		{1A3DC564-49C6-4E2A-A4F4-39E60B1B1B3F} = {C67051FC-00EF-4AE2-B276-E69E72C03157}
		{9B3041DD-8D2B-40D8-8C50-4DADFCEEE17B} = {5512F33E-725C-408C-B208-A580046F19C1}
		{645343C9-A63A-420E-AC59-28AB5ADD9151} = {9A8AC1A2-DE59-48F1-8C3F-0F7B6B28340C}
		{C6E8E3BB-45BE-4D72-B1E1-CA867E61E10D} = {645343C9-A63A-420E-AC59-28AB5ADD9151}
		{7AF4C7AB-2283-4E21-98AF-E0C74AC0B71E} = {C6E8E3BB-45BE-4D72-B1E1-CA867E61E10D}
		{FA901DBE-55BA-4A15-8FF5-91616CB74E59} = {5512F33E-725C-408C-B208-A580046F19C1}
		{865EECEC-5E78-4E19-999C-166F1573BABD} = {D611F85D-BFDE-4F95-8057-6D81ED765B4F}
	EndGlobalSection
	GlobalSection(ExtensibilityGlobals) = postSolution
		SolutionGuid = {B3C0D371-71FB-4A5B-82F4-5B79CF26E872}
	EndGlobalSection
EndGlobal
